
Microsoft Visual Studio Solution File, Format Version 12.00
# Visual Studio 15
VisualStudioVersion = 15.0.28307.421
MinimumVisualStudioVersion = 10.0.40219.1
Project("{FAE04EC0-301F-11D3-BF4B-00C04F79EFBC}") = "MasterDetailNavigation", "MasterDetailNavigation\MasterDetailNavigation\MasterDetailNavigation.csproj", "{AF4205D1-8A21-42A5-8139-B0BC297D0DE4}"
EndProject
Project("{FAE04EC0-301F-11D3-BF4B-00C04F79EFBC}") = "MasterDetailNavigation.Android", "MasterDetailNavigation\MasterDetailNavigation.Android\MasterDetailNavigation.Android.csproj", "{D6B73673-33C1-4D84-9A64-291B22AE98DF}"
EndProject
Global
	GlobalSection(SolutionConfigurationPlatforms) = preSolution
		Debug|Any CPU = Debug|Any CPU
		Release|Any CPU = Release|Any CPU
	EndGlobalSection
	GlobalSection(ProjectConfigurationPlatforms) = postSolution
		{AF4205D1-8A21-42A5-8139-B0BC297D0DE4}.Debug|Any CPU.ActiveCfg = Debug|Any CPU
		{AF4205D1-8A21-42A5-8139-B0BC297D0DE4}.Debug|Any CPU.Build.0 = Debug|Any CPU
		{AF4205D1-8A21-42A5-8139-B0BC297D0DE4}.Release|Any CPU.ActiveCfg = Release|Any CPU
		{AF4205D1-8A21-42A5-8139-B0BC297D0DE4}.Release|Any CPU.Build.0 = Release|Any CPU
		{D6B73673-33C1-4D84-9A64-291B22AE98DF}.Debug|Any CPU.ActiveCfg = Debug|Any CPU
		{D6B73673-33C1-4D84-9A64-291B22AE98DF}.Debug|Any CPU.Build.0 = Debug|Any CPU
		{D6B73673-33C1-4D84-9A64-291B22AE98DF}.Debug|Any CPU.Deploy.0 = Debug|Any CPU
		{D6B73673-33C1-4D84-9A64-291B22AE98DF}.Release|Any CPU.ActiveCfg = Release|Any CPU
		{D6B73673-33C1-4D84-9A64-291B22AE98DF}.Release|Any CPU.Build.0 = Release|Any CPU
		{D6B73673-33C1-4D84-9A64-291B22AE98DF}.Release|Any CPU.Deploy.0 = Release|Any CPU
	EndGlobalSection
	GlobalSection(SolutionProperties) = preSolution
		HideSolutionNode = FALSE
	EndGlobalSection
	GlobalSection(ExtensibilityGlobals) = postSolution
		SolutionGuid = {C0E43DAA-5759-49FB-98FD-4D39728546A8}
	EndGlobalSection
EndGlobal
